<Solution>
  <Folder Name="/src/">
    <Project Path="src/BlazorCN/BlazorCN.csproj" />
  </Folder>
  <Folder Name="/tests/">
    <Project Path="tests/BlazorCN.Tests/BlazorCN.Tests.csproj" />
  </Folder>
  <Folder Name="/docs/">
    <Project Path="docs/BlazorCN.Demo/BlazorCN.Demo.csproj" />
  </Folder>
</Solution>
